
Microsoft Visual Studio Solution File, Format Version 12.00
# Visual Studio 15
VisualStudioVersion = 15.0.28010.2026
MinimumVisualStudioVersion = 10.0.40219.1
Project("{9A19103F-16F7-4668-BE54-9A1E7A4F7556}") = "Spoe", "Spoe\Spoe.csproj", "{DA2122C3-EA72-42F0-B1B5-2A186C8D20CC}"
EndProject
Project("{FAE04EC0-301F-11D3-BF4B-00C04F79EFBC}") = "XUnitTestProject1", "XUnitTestProject1\XUnitTestProject1.csproj", "{36874036-881D-48E8-A082-E3D55EC117A1}"
EndProject
Global
	GlobalSection(SolutionConfigurationPlatforms) = preSolution
		Debug|Any CPU = Debug|Any CPU
		Release|Any CPU = Release|Any CPU
	EndGlobalSection
	GlobalSection(ProjectConfigurationPlatforms) = postSolution
		{DA2122C3-EA72-42F0-B1B5-2A186C8D20CC}.Debug|Any CPU.ActiveCfg = Debug|Any CPU
		{DA2122C3-EA72-42F0-B1B5-2A186C8D20CC}.Debug|Any CPU.Build.0 = Debug|Any CPU
		{DA2122C3-EA72-42F0-B1B5-2A186C8D20CC}.Release|Any CPU.ActiveCfg = Release|Any CPU
		{DA2122C3-EA72-42F0-B1B5-2A186C8D20CC}.Release|Any CPU.Build.0 = Release|Any CPU
		{36874036-881D-48E8-A082-E3D55EC117A1}.Debug|Any CPU.ActiveCfg = Debug|Any CPU
		{36874036-881D-48E8-A082-E3D55EC117A1}.Debug|Any CPU.Build.0 = Debug|Any CPU
		{36874036-881D-48E8-A082-E3D55EC117A1}.Release|Any CPU.ActiveCfg = Release|Any CPU
		{36874036-881D-48E8-A082-E3D55EC117A1}.Release|Any CPU.Build.0 = Release|Any CPU
	EndGlobalSection
	GlobalSection(SolutionProperties) = preSolution
		HideSolutionNode = FALSE
	EndGlobalSection
	GlobalSection(ExtensibilityGlobals) = postSolution
		SolutionGuid = {FC14FF9D-BA05-431D-B1F9-5F03DF8C04DD}
	EndGlobalSection
EndGlobal
